Microsoft Visual Studio Solution File, Format Version 12.00
Project("{2150E333-8FDC-42A3-9474-1A3956D46DE8}") = "repo", "repo", "{AC1CE2EB-72D2-480C-889B-C4940CBC5578}"
	ProjectSection(SolutionItems) = preProject
		paket.dependencies = paket.dependencies
		README.md = README.md
		.config/dotnet-tools.json = .config/dotnet-tools.json
		.github/workflows/azure-static-web-apps-lively-flower-0d9b23410.yml = .github/workflows/azure-static-web-apps-lively-flower-0d9b23410.yml
		fsharplint.json = fsharplint.json
		Directory.Build.targets = Directory.Build.targets
		.gitignore = .gitignore
		docker-compose.yml = docker-compose.yml
	EndProjectSection
EndProject
Project("{F2A71F9B-5D33-465A-A702-920D77279786}") = "Fluke.Shared", "src\Fluke.Shared\Fluke.Shared.fsproj", "{1BC0C538-C979-4F53-AE78-01857D7AB278}"
EndProject
Project("{F2A71F9B-5D33-465A-A702-920D77279786}") = "Fluke.Shared.Tests", "test\Fluke.Shared.Tests\Fluke.Shared.Tests.fsproj", "{58AF0C5F-09F6-4F4A-9A56-3F6676BD5B86}"
EndProject
Project("{F2A71F9B-5D33-465A-A702-920D77279786}") = "Fluke.UI.Frontend", "src\Fluke.UI.Frontend\Fluke.UI.Frontend.fsproj", "{AFA98DD0-9BA8-4BB8-9115-AD4F5792A427}"
EndProject
Project("{2150E333-8FDC-42A3-9474-1A3956D46DE8}") = "src", "src", "{74A00DAC-A1C6-400D-8181-30373D536EB9}"
EndProject
Project("{2150E333-8FDC-42A3-9474-1A3956D46DE8}") = "test", "test", "{D9ACD469-4657-4966-9E60-BCE40BC88944}"
EndProject
Project("{2150E333-8FDC-42A3-9474-1A3956D46DE8}") = "ext", "ext", "{324E3A97-C70E-49FC-B512-42A855CFB4B9}"
EndProject
Project("{F2A71F9B-5D33-465A-A702-920D77279786}") = "Fluke.UI.Backend", "src\Fluke.UI.Backend\Fluke.UI.Backend.fsproj", "{E9318A3D-8486-480B-A961-EFB0611B391C}"
EndProject
Project("{2150E333-8FDC-42A3-9474-1A3956D46DE8}") = "Run Configurations", "Run Configurations", "{3598B239-B2BD-440B-B534-8007D49B898B}"
ProjectSection(SolutionItems) = preProject
	.run\dotnet test AltCover.run.xml = .run\dotnet test AltCover.run.xml
	.run\Fluke - eventstore_down.run.xml = .run\Fluke - eventstore_down.run.xml
	.run\Fluke - eventstore_up.run.xml = .run\Fluke - eventstore_up.run.xml
	.run\Fluke - paket_install.run.xml = .run\Fluke - paket_install.run.xml
	.run\Fluke - paket_outdated.run.xml = .run\Fluke - paket_outdated.run.xml
	.run\Fluke - paket_update.run.xml = .run\Fluke - paket_update.run.xml
	.run\Fluke - workspace.run.xml = .run\Fluke - workspace.run.xml
	.run\Fluke.Shared.Tests - dotnet reportgenerator.run.xml = .run\Fluke.Shared.Tests - dotnet reportgenerator.run.xml
	.run\Fluke.UI.Backend - watch run.run.xml = .run\Fluke.UI.Backend - watch run.run.xml
	.run\Fluke.UI.Frontend - fake_Build.run.xml = .run\Fluke.UI.Frontend - fake_Build.run.xml
	.run\Fluke.UI.Frontend - fake_FastRun.run.xml = .run\Fluke.UI.Frontend - fake_FastRun.run.xml
	.run\Fluke.UI.Frontend - fake_Run.run.xml = .run\Fluke.UI.Frontend - fake_Run.run.xml
	.run\Fluke.UI.Frontend - yarn install.run.xml = .run\Fluke.UI.Frontend - yarn install.run.xml
	.run\Fluke.UI.Frontend - yarn outdated.run.xml = .run\Fluke.UI.Frontend - yarn outdated.run.xml
	.run\Fluke.UI.Frontend - yarn run jest-watch.run.xml = .run\Fluke.UI.Frontend - yarn run jest-watch.run.xml
	.run\Fluke.UI.Frontend - yarn run test-watch.run.xml = .run\Fluke.UI.Frontend - yarn run test-watch.run.xml
	.run\Fluke.UI.Frontend - yarn run watch-backend.run.xml = .run\Fluke.UI.Frontend - yarn run watch-backend.run.xml
	.run\Fluke.UI.Frontend - yarn run watch.run.xml = .run\Fluke.UI.Frontend - yarn run watch.run.xml
	.run\Mold - docker_ps.run.xml = .run\Mold - docker_ps.run.xml
	.run\Fluke.UI.Frontend - yarn run watch_frontend.run.xml = .run\Fluke.UI.Frontend - yarn run watch_frontend.run.xml
EndProjectSection
EndProject
Project("{F2A71F9B-5D33-465A-A702-920D77279786}") = "Fluke.Deploy", "src\Fluke.Deploy\Fluke.Deploy.fsproj", "{0F786A50-269D-4711-8AF0-874522F5A8F5}"
EndProject
Global
	GlobalSection(SolutionConfigurationPlatforms) = preSolution
		Debug|Any CPU = Debug|Any CPU
		Release|Any CPU = Release|Any CPU
	EndGlobalSection
	GlobalSection(ProjectConfigurationPlatforms) = postSolution
		{1BC0C538-C979-4F53-AE78-01857D7AB278}.Debug|Any CPU.ActiveCfg = Debug|Any CPU
		{1BC0C538-C979-4F53-AE78-01857D7AB278}.Debug|Any CPU.Build.0 = Debug|Any CPU
		{1BC0C538-C979-4F53-AE78-01857D7AB278}.Release|Any CPU.ActiveCfg = Release|Any CPU
		{1BC0C538-C979-4F53-AE78-01857D7AB278}.Release|Any CPU.Build.0 = Release|Any CPU
		{58AF0C5F-09F6-4F4A-9A56-3F6676BD5B86}.Debug|Any CPU.ActiveCfg = Debug|Any CPU
		{58AF0C5F-09F6-4F4A-9A56-3F6676BD5B86}.Debug|Any CPU.Build.0 = Debug|Any CPU
		{58AF0C5F-09F6-4F4A-9A56-3F6676BD5B86}.Release|Any CPU.ActiveCfg = Release|Any CPU
		{58AF0C5F-09F6-4F4A-9A56-3F6676BD5B86}.Release|Any CPU.Build.0 = Release|Any CPU
		{AFA98DD0-9BA8-4BB8-9115-AD4F5792A427}.Debug|Any CPU.ActiveCfg = Debug|Any CPU
		{AFA98DD0-9BA8-4BB8-9115-AD4F5792A427}.Debug|Any CPU.Build.0 = Debug|Any CPU
		{AFA98DD0-9BA8-4BB8-9115-AD4F5792A427}.Release|Any CPU.ActiveCfg = Release|Any CPU
		{AFA98DD0-9BA8-4BB8-9115-AD4F5792A427}.Release|Any CPU.Build.0 = Release|Any CPU
		{E9318A3D-8486-480B-A961-EFB0611B391C}.Debug|Any CPU.ActiveCfg = Debug|Any CPU
		{E9318A3D-8486-480B-A961-EFB0611B391C}.Debug|Any CPU.Build.0 = Debug|Any CPU
		{E9318A3D-8486-480B-A961-EFB0611B391C}.Release|Any CPU.ActiveCfg = Release|Any CPU
		{E9318A3D-8486-480B-A961-EFB0611B391C}.Release|Any CPU.Build.0 = Release|Any CPU
		{0F786A50-269D-4711-8AF0-874522F5A8F5}.Debug|Any CPU.ActiveCfg = Debug|Any CPU
		{0F786A50-269D-4711-8AF0-874522F5A8F5}.Debug|Any CPU.Build.0 = Debug|Any CPU
		{0F786A50-269D-4711-8AF0-874522F5A8F5}.Release|Any CPU.ActiveCfg = Release|Any CPU
		{0F786A50-269D-4711-8AF0-874522F5A8F5}.Release|Any CPU.Build.0 = Release|Any CPU
	EndGlobalSection
	GlobalSection(NestedProjects) = preSolution
		{58AF0C5F-09F6-4F4A-9A56-3F6676BD5B86} = {D9ACD469-4657-4966-9E60-BCE40BC88944}
		{1BC0C538-C979-4F53-AE78-01857D7AB278} = {74A00DAC-A1C6-400D-8181-30373D536EB9}
		{AFA98DD0-9BA8-4BB8-9115-AD4F5792A427} = {74A00DAC-A1C6-400D-8181-30373D536EB9}
		{E9318A3D-8486-480B-A961-EFB0611B391C} = {74A00DAC-A1C6-400D-8181-30373D536EB9}
		{0F786A50-269D-4711-8AF0-874522F5A8F5} = {74A00DAC-A1C6-400D-8181-30373D536EB9}
	EndGlobalSection
EndGlobal
