Microsoft Visual Studio Solution File, Format Version 12.00
Project("{2150E333-8FDC-42A3-9474-1A3956D46DE8}") = "repo", "repo", "{AC1CE2EB-72D2-480C-889B-C4940CBC5578}"
	ProjectSection(SolutionItems) = preProject
		paket.dependencies = paket.dependencies
		README.md = README.md
		.config/dotnet-tools.json = .config/dotnet-tools.json
		.github/workflows/build.yml = .github/workflows/build.yml
		fsharplint.json = fsharplint.json
		Directory.Build.targets = Directory.Build.targets
		.gitignore = .gitignore
		.editorconfig = .editorconfig
		docker-compose.yml = docker-compose.yml
	EndProjectSection
EndProject
Project("{F2A71F9B-5D33-465A-A702-920D77279786}") = "Fluke.Shared", "src\Fluke.Shared\Fluke.Shared.fsproj", "{1BC0C538-C979-4F53-AE78-01857D7AB278}"
EndProject
Project("{F2A71F9B-5D33-465A-A702-920D77279786}") = "Fluke.Shared.Tests", "src\Fluke.Shared.Tests\Fluke.Shared.Tests.fsproj", "{58AF0C5F-09F6-4F4A-9A56-3F6676BD5B86}"
EndProject
Project("{F2A71F9B-5D33-465A-A702-920D77279786}") = "Fluke.UI.Frontend", "src\Fluke.UI.Frontend\Fluke.UI.Frontend.fsproj", "{AFA98DD0-9BA8-4BB8-9115-AD4F5792A427}"
EndProject
Project("{2150E333-8FDC-42A3-9474-1A3956D46DE8}") = "src", "src", "{74A00DAC-A1C6-400D-8181-30373D536EB9}"
EndProject
Project("{2150E333-8FDC-42A3-9474-1A3956D46DE8}") = "ext", "ext", "{324E3A97-C70E-49FC-B512-42A855CFB4B9}"
EndProject
Project("{2150E333-8FDC-42A3-9474-1A3956D46DE8}") = "Run Configurations", "Run Configurations", "{3598B239-B2BD-440B-B534-8007D49B898B}"
ProjectSection(SolutionItems) = preProject
	.run\dotnet test AltCover.run.xml = .run\dotnet test AltCover.run.xml
	.run\Fluke - eventstore_down.run.xml = .run\Fluke - eventstore_down.run.xml
	.run\Fluke - eventstore_up.run.xml = .run\Fluke - eventstore_up.run.xml
	.run\Fluke - paket_install.run.xml = .run\Fluke - paket_install.run.xml
	.run\Fluke - paket_outdated.run.xml = .run\Fluke - paket_outdated.run.xml
	.run\Fluke - paket_update.run.xml = .run\Fluke - paket_update.run.xml
	.run\Fluke - workspace.run.xml = .run\Fluke - workspace.run.xml
	.run\Fluke.Shared.Tests - dotnet reportgenerator.run.xml = .run\Fluke.Shared.Tests - dotnet reportgenerator.run.xml
	.run\Fluke.UI.Backend - watch run.run.xml = .run\Fluke.UI.Backend - watch run.run.xml
	.run\Fluke.UI.Frontend - fake_Build.run.xml = .run\Fluke.UI.Frontend - fake_Build.run.xml
	.run\Fluke.UI.Frontend - fake_FastRun.run.xml = .run\Fluke.UI.Frontend - fake_FastRun.run.xml
	.run\Fluke.UI.Frontend - fake_Run.run.xml = .run\Fluke.UI.Frontend - fake_Run.run.xml
	.run\Fluke.UI.Frontend - yarn install.run.xml = .run\Fluke.UI.Frontend - yarn install.run.xml
	.run\Fluke.UI.Frontend - yarn outdated.run.xml = .run\Fluke.UI.Frontend - yarn outdated.run.xml
	.run\Fluke.UI.Frontend - yarn run jest-watch.run.xml = .run\Fluke.UI.Frontend - yarn run jest-watch.run.xml
	.run\Fluke.UI.Frontend - yarn run test-watch.run.xml = .run\Fluke.UI.Frontend - yarn run test-watch.run.xml
	.run\Fluke.UI.Frontend - yarn run watch-backend.run.xml = .run\Fluke.UI.Frontend - yarn run watch-backend.run.xml
	.run\Fluke.UI.Frontend - yarn run watch.run.xml = .run\Fluke.UI.Frontend - yarn run watch.run.xml
	.run\Mold - docker_ps.run.xml = .run\Mold - docker_ps.run.xml
	.run\Fluke.UI.Frontend - yarn run watch_frontend.run.xml = .run\Fluke.UI.Frontend - yarn run watch_frontend.run.xml
EndProjectSection
EndProject
Project("{F2A71F9B-5D33-465A-A702-920D77279786}") = "Fluke.UI.Electron.Main", "src\Fluke.UI.Electron.Main\Fluke.UI.Electron.Main.fsproj", "{A2EE84B4-04DF-4D8C-8447-054CEAEFE9E3}"
EndProject
Project("{F2A71F9B-5D33-465A-A702-920D77279786}") = "Fluke.UI.Electron.Renderer", "src\Fluke.UI.Electron.Renderer\Fluke.UI.Electron.Renderer.fsproj", "{DE6C9323-1B25-46AB-AB98-9672EECDAB54}"
EndProject
Project("{F2A71F9B-5D33-465A-A702-920D77279786}") = "Fluke.UI.Electron", "src\Fluke.UI.Electron\Fluke.UI.Electron.fsproj", "{CC388BCE-38BF-4FD3-BA14-99BB6A505289}"
EndProject
Project("{F2A71F9B-5D33-465A-A702-920D77279786}") = "FsJs", "paket-files\github.com\fc1943s\FsBeacon\src\FsJs\FsJs.fsproj", "{EF0780FA-954E-4785-859E-38BFD80F7352}"
EndProject
Project("{F2A71F9B-5D33-465A-A702-920D77279786}") = "FsStore", "paket-files\github.com\fc1943s\FsBeacon\src\FsStore\FsStore.fsproj", "{4430A080-9A5C-4C2F-A336-E4FED9FBFB31}"
EndProject
Project("{F2A71F9B-5D33-465A-A702-920D77279786}") = "FsUi", "paket-files\github.com\fc1943s\FsBeacon\src\FsUi\FsUi.fsproj", "{B24CE8A4-7DC8-403C-B113-AF38CEF62054}"
EndProject
Project("{F2A71F9B-5D33-465A-A702-920D77279786}") = "FsCore", "paket-files\github.com\fc1943s\FsBeacon\src\FsCore\FsCore.fsproj", "{ACEBF3B5-938A-49C6-A2ED-BAA88670E694}"
EndProject
Project("{F2A71F9B-5D33-465A-A702-920D77279786}") = "FsBeacon.Shared", "paket-files\github.com\fc1943s\FsBeacon\src\FsBeacon.Shared\FsBeacon.Shared.fsproj", "{BB754674-A178-4E7C-BEA9-A43427243C4D}"
EndProject
Global
	GlobalSection(SolutionConfigurationPlatforms) = preSolution
		Debug|Any CPU = Debug|Any CPU
		Release|Any CPU = Release|Any CPU
	EndGlobalSection
	GlobalSection(ProjectConfigurationPlatforms) = postSolution
		{1BC0C538-C979-4F53-AE78-01857D7AB278}.Debug|Any CPU.ActiveCfg = Debug|Any CPU
		{1BC0C538-C979-4F53-AE78-01857D7AB278}.Debug|Any CPU.Build.0 = Debug|Any CPU
		{1BC0C538-C979-4F53-AE78-01857D7AB278}.Release|Any CPU.ActiveCfg = Release|Any CPU
		{1BC0C538-C979-4F53-AE78-01857D7AB278}.Release|Any CPU.Build.0 = Release|Any CPU
		{58AF0C5F-09F6-4F4A-9A56-3F6676BD5B86}.Debug|Any CPU.ActiveCfg = Debug|Any CPU
		{58AF0C5F-09F6-4F4A-9A56-3F6676BD5B86}.Debug|Any CPU.Build.0 = Debug|Any CPU
		{58AF0C5F-09F6-4F4A-9A56-3F6676BD5B86}.Release|Any CPU.ActiveCfg = Release|Any CPU
		{58AF0C5F-09F6-4F4A-9A56-3F6676BD5B86}.Release|Any CPU.Build.0 = Release|Any CPU
		{AFA98DD0-9BA8-4BB8-9115-AD4F5792A427}.Debug|Any CPU.ActiveCfg = Debug|Any CPU
		{AFA98DD0-9BA8-4BB8-9115-AD4F5792A427}.Debug|Any CPU.Build.0 = Debug|Any CPU
		{AFA98DD0-9BA8-4BB8-9115-AD4F5792A427}.Release|Any CPU.ActiveCfg = Release|Any CPU
		{AFA98DD0-9BA8-4BB8-9115-AD4F5792A427}.Release|Any CPU.Build.0 = Release|Any CPU
		{A2EE84B4-04DF-4D8C-8447-054CEAEFE9E3}.Debug|Any CPU.ActiveCfg = Debug|Any CPU
		{A2EE84B4-04DF-4D8C-8447-054CEAEFE9E3}.Debug|Any CPU.Build.0 = Debug|Any CPU
		{A2EE84B4-04DF-4D8C-8447-054CEAEFE9E3}.Release|Any CPU.ActiveCfg = Release|Any CPU
		{A2EE84B4-04DF-4D8C-8447-054CEAEFE9E3}.Release|Any CPU.Build.0 = Release|Any CPU
		{DE6C9323-1B25-46AB-AB98-9672EECDAB54}.Debug|Any CPU.ActiveCfg = Debug|Any CPU
		{DE6C9323-1B25-46AB-AB98-9672EECDAB54}.Debug|Any CPU.Build.0 = Debug|Any CPU
		{DE6C9323-1B25-46AB-AB98-9672EECDAB54}.Release|Any CPU.ActiveCfg = Release|Any CPU
		{DE6C9323-1B25-46AB-AB98-9672EECDAB54}.Release|Any CPU.Build.0 = Release|Any CPU
		{CC388BCE-38BF-4FD3-BA14-99BB6A505289}.Debug|Any CPU.ActiveCfg = Debug|Any CPU
		{CC388BCE-38BF-4FD3-BA14-99BB6A505289}.Debug|Any CPU.Build.0 = Debug|Any CPU
		{CC388BCE-38BF-4FD3-BA14-99BB6A505289}.Release|Any CPU.ActiveCfg = Release|Any CPU
		{CC388BCE-38BF-4FD3-BA14-99BB6A505289}.Release|Any CPU.Build.0 = Release|Any CPU
		{EF0780FA-954E-4785-859E-38BFD80F7352}.Debug|Any CPU.ActiveCfg = Debug|Any CPU
		{EF0780FA-954E-4785-859E-38BFD80F7352}.Debug|Any CPU.Build.0 = Debug|Any CPU
		{EF0780FA-954E-4785-859E-38BFD80F7352}.Release|Any CPU.ActiveCfg = Release|Any CPU
		{EF0780FA-954E-4785-859E-38BFD80F7352}.Release|Any CPU.Build.0 = Release|Any CPU
		{4430A080-9A5C-4C2F-A336-E4FED9FBFB31}.Debug|Any CPU.ActiveCfg = Debug|Any CPU
		{4430A080-9A5C-4C2F-A336-E4FED9FBFB31}.Debug|Any CPU.Build.0 = Debug|Any CPU
		{4430A080-9A5C-4C2F-A336-E4FED9FBFB31}.Release|Any CPU.ActiveCfg = Release|Any CPU
		{4430A080-9A5C-4C2F-A336-E4FED9FBFB31}.Release|Any CPU.Build.0 = Release|Any CPU
		{B24CE8A4-7DC8-403C-B113-AF38CEF62054}.Debug|Any CPU.ActiveCfg = Debug|Any CPU
		{B24CE8A4-7DC8-403C-B113-AF38CEF62054}.Debug|Any CPU.Build.0 = Debug|Any CPU
		{B24CE8A4-7DC8-403C-B113-AF38CEF62054}.Release|Any CPU.ActiveCfg = Release|Any CPU
		{B24CE8A4-7DC8-403C-B113-AF38CEF62054}.Release|Any CPU.Build.0 = Release|Any CPU
		{ACEBF3B5-938A-49C6-A2ED-BAA88670E694}.Debug|Any CPU.ActiveCfg = Debug|Any CPU
		{ACEBF3B5-938A-49C6-A2ED-BAA88670E694}.Debug|Any CPU.Build.0 = Debug|Any CPU
		{ACEBF3B5-938A-49C6-A2ED-BAA88670E694}.Release|Any CPU.ActiveCfg = Release|Any CPU
		{ACEBF3B5-938A-49C6-A2ED-BAA88670E694}.Release|Any CPU.Build.0 = Release|Any CPU
		{BB754674-A178-4E7C-BEA9-A43427243C4D}.Debug|Any CPU.ActiveCfg = Debug|Any CPU
		{BB754674-A178-4E7C-BEA9-A43427243C4D}.Debug|Any CPU.Build.0 = Debug|Any CPU
		{BB754674-A178-4E7C-BEA9-A43427243C4D}.Release|Any CPU.ActiveCfg = Release|Any CPU
		{BB754674-A178-4E7C-BEA9-A43427243C4D}.Release|Any CPU.Build.0 = Release|Any CPU
	EndGlobalSection
	GlobalSection(NestedProjects) = preSolution
		{1BC0C538-C979-4F53-AE78-01857D7AB278} = {74A00DAC-A1C6-400D-8181-30373D536EB9}
		{AFA98DD0-9BA8-4BB8-9115-AD4F5792A427} = {74A00DAC-A1C6-400D-8181-30373D536EB9}
		{A2EE84B4-04DF-4D8C-8447-054CEAEFE9E3} = {74A00DAC-A1C6-400D-8181-30373D536EB9}
		{DE6C9323-1B25-46AB-AB98-9672EECDAB54} = {74A00DAC-A1C6-400D-8181-30373D536EB9}
		{58AF0C5F-09F6-4F4A-9A56-3F6676BD5B86} = {74A00DAC-A1C6-400D-8181-30373D536EB9}
		{CC388BCE-38BF-4FD3-BA14-99BB6A505289} = {74A00DAC-A1C6-400D-8181-30373D536EB9}
		{EF0780FA-954E-4785-859E-38BFD80F7352} = {74A00DAC-A1C6-400D-8181-30373D536EB9}
		{4430A080-9A5C-4C2F-A336-E4FED9FBFB31} = {74A00DAC-A1C6-400D-8181-30373D536EB9}
		{B24CE8A4-7DC8-403C-B113-AF38CEF62054} = {74A00DAC-A1C6-400D-8181-30373D536EB9}
		{ACEBF3B5-938A-49C6-A2ED-BAA88670E694} = {74A00DAC-A1C6-400D-8181-30373D536EB9}
		{BB754674-A178-4E7C-BEA9-A43427243C4D} = {74A00DAC-A1C6-400D-8181-30373D536EB9}
	EndGlobalSection
EndGlobal
